
Microsoft Visual Studio Solution File, Format Version 12.00
# Visual Studio Version 17
VisualStudioVersion = 17.2.32519.379
MinimumVisualStudioVersion = 10.0.40219.1
Project("{FAE04EC0-301F-11D3-BF4B-00C04F79EFBC}") = "00_SmartCon_RibonPanel", "00_SmartCon_RibonPanel\00_SmartCon_RibonPanel.csproj", "{3C89FB67-6D4C-4CE5-A5FF-BBD09361A1C6}"
EndProject
Project("{FAE04EC0-301F-11D3-BF4B-00C04F79EFBC}") = "01_PipeConnect", "01_PipeConnect\01_PipeConnect.csproj", "{FFB504CA-EB92-4480-9027-90A16712F95D}"
EndProject
Project("{2150E333-8FDC-42A3-9474-1A3956D46DE8}") = "01_PipeSystem", "01_PipeSystem", "{E007DD9A-EDE4-4CB9-A6B9-34958FDBFEF0}"
EndProject
Project("{FAE04EC0-301F-11D3-BF4B-00C04F79EFBC}") = "02_RotateElements", "02_RotateElements\02_RotateElements.csproj", "{18F8925A-FBBC-4FFE-A369-BAF99AFD2C9D}"
EndProject
Project("{2150E333-8FDC-42A3-9474-1A3956D46DE8}") = "00_General", "00_General", "{B030A4E0-18F8-48E1-A402-B7250A80D315}"
EndProject
Project("{FAE04EC0-301F-11D3-BF4B-00C04F79EFBC}") = "03_AlignElements", "03_AlignElements\03_AlignElements.csproj", "{89E702C8-D137-4680-8A40-1BFECFE6289E}"
EndProject
Project("{2150E333-8FDC-42A3-9474-1A3956D46DE8}") = "02_DuctSystem", "02_DuctSystem", "{CFA94AB5-70AE-4A23-8360-E455E3EAEC54}"
EndProject
Project("{2150E333-8FDC-42A3-9474-1A3956D46DE8}") = "03_ProjectManagement", "03_ProjectManagement", "{FED52FDE-6F6A-45DF-89BA-FFA05C0F1DD7}"
EndProject
Project("{2150E333-8FDC-42A3-9474-1A3956D46DE8}") = "04_Annotation", "04_Annotation", "{A2CEB0F0-1752-44A2-A139-DF876A1E968B}"
EndProject
Project("{FAE04EC0-301F-11D3-BF4B-00C04F79EFBC}") = "01_FamilyManager", "01_FamilyManager\01_FamilyManager.csproj", "{9F0FB791-9BEC-431E-AECF-9078313DFAD9}"
EndProject
Project("{FAE04EC0-301F-11D3-BF4B-00C04F79EFBC}") = "04_LossTemp", "04_LossTemp\04_LossTemp.csproj", "{6DB96B80-AE2D-41BB-B527-1FBA9BA25260}"
EndProject
Project("{FAE04EC0-301F-11D3-BF4B-00C04F79EFBC}") = "05_CreateScheduleForAssembly", "05_CreateScheduleForAssembly\05_CreateScheduleForAssembly.csproj", "{3CAE6419-C36D-4859-B955-343E7579B917}"
EndProject
Global
	GlobalSection(SolutionConfigurationPlatforms) = preSolution
		Debug|Any CPU = Debug|Any CPU
		Release|Any CPU = Release|Any CPU
	EndGlobalSection
	GlobalSection(ProjectConfigurationPlatforms) = postSolution
		{3C89FB67-6D4C-4CE5-A5FF-BBD09361A1C6}.Debug|Any CPU.ActiveCfg = Debug|Any CPU
		{3C89FB67-6D4C-4CE5-A5FF-BBD09361A1C6}.Debug|Any CPU.Build.0 = Debug|Any CPU
		{3C89FB67-6D4C-4CE5-A5FF-BBD09361A1C6}.Release|Any CPU.ActiveCfg = Release|Any CPU
		{3C89FB67-6D4C-4CE5-A5FF-BBD09361A1C6}.Release|Any CPU.Build.0 = Release|Any CPU
		{FFB504CA-EB92-4480-9027-90A16712F95D}.Debug|Any CPU.ActiveCfg = Debug|Any CPU
		{FFB504CA-EB92-4480-9027-90A16712F95D}.Debug|Any CPU.Build.0 = Debug|Any CPU
		{FFB504CA-EB92-4480-9027-90A16712F95D}.Release|Any CPU.ActiveCfg = Release|Any CPU
		{FFB504CA-EB92-4480-9027-90A16712F95D}.Release|Any CPU.Build.0 = Release|Any CPU
		{18F8925A-FBBC-4FFE-A369-BAF99AFD2C9D}.Debug|Any CPU.ActiveCfg = Debug|Any CPU
		{18F8925A-FBBC-4FFE-A369-BAF99AFD2C9D}.Debug|Any CPU.Build.0 = Debug|Any CPU
		{18F8925A-FBBC-4FFE-A369-BAF99AFD2C9D}.Release|Any CPU.ActiveCfg = Release|Any CPU
		{18F8925A-FBBC-4FFE-A369-BAF99AFD2C9D}.Release|Any CPU.Build.0 = Release|Any CPU
		{89E702C8-D137-4680-8A40-1BFECFE6289E}.Debug|Any CPU.ActiveCfg = Debug|Any CPU
		{89E702C8-D137-4680-8A40-1BFECFE6289E}.Debug|Any CPU.Build.0 = Debug|Any CPU
		{89E702C8-D137-4680-8A40-1BFECFE6289E}.Release|Any CPU.ActiveCfg = Release|Any CPU
		{89E702C8-D137-4680-8A40-1BFECFE6289E}.Release|Any CPU.Build.0 = Release|Any CPU
		{9F0FB791-9BEC-431E-AECF-9078313DFAD9}.Debug|Any CPU.ActiveCfg = Debug|Any CPU
		{9F0FB791-9BEC-431E-AECF-9078313DFAD9}.Debug|Any CPU.Build.0 = Debug|Any CPU
		{9F0FB791-9BEC-431E-AECF-9078313DFAD9}.Release|Any CPU.ActiveCfg = Release|Any CPU
		{9F0FB791-9BEC-431E-AECF-9078313DFAD9}.Release|Any CPU.Build.0 = Release|Any CPU
		{6DB96B80-AE2D-41BB-B527-1FBA9BA25260}.Debug|Any CPU.ActiveCfg = Debug|Any CPU
		{6DB96B80-AE2D-41BB-B527-1FBA9BA25260}.Debug|Any CPU.Build.0 = Debug|Any CPU
		{6DB96B80-AE2D-41BB-B527-1FBA9BA25260}.Release|Any CPU.ActiveCfg = Release|Any CPU
		{6DB96B80-AE2D-41BB-B527-1FBA9BA25260}.Release|Any CPU.Build.0 = Release|Any CPU
		{3CAE6419-C36D-4859-B955-343E7579B917}.Debug|Any CPU.ActiveCfg = Debug|Any CPU
		{3CAE6419-C36D-4859-B955-343E7579B917}.Debug|Any CPU.Build.0 = Debug|Any CPU
		{3CAE6419-C36D-4859-B955-343E7579B917}.Release|Any CPU.ActiveCfg = Release|Any CPU
		{3CAE6419-C36D-4859-B955-343E7579B917}.Release|Any CPU.Build.0 = Release|Any CPU
	EndGlobalSection
	GlobalSection(SolutionProperties) = preSolution
		HideSolutionNode = FALSE
	EndGlobalSection
	GlobalSection(NestedProjects) = preSolution
		{3C89FB67-6D4C-4CE5-A5FF-BBD09361A1C6} = {B030A4E0-18F8-48E1-A402-B7250A80D315}
		{FFB504CA-EB92-4480-9027-90A16712F95D} = {E007DD9A-EDE4-4CB9-A6B9-34958FDBFEF0}
		{18F8925A-FBBC-4FFE-A369-BAF99AFD2C9D} = {E007DD9A-EDE4-4CB9-A6B9-34958FDBFEF0}
		{89E702C8-D137-4680-8A40-1BFECFE6289E} = {E007DD9A-EDE4-4CB9-A6B9-34958FDBFEF0}
		{9F0FB791-9BEC-431E-AECF-9078313DFAD9} = {FED52FDE-6F6A-45DF-89BA-FFA05C0F1DD7}
		{6DB96B80-AE2D-41BB-B527-1FBA9BA25260} = {E007DD9A-EDE4-4CB9-A6B9-34958FDBFEF0}
		{3CAE6419-C36D-4859-B955-343E7579B917} = {E007DD9A-EDE4-4CB9-A6B9-34958FDBFEF0}
	EndGlobalSection
	GlobalSection(ExtensibilityGlobals) = postSolution
		SolutionGuid = {2F9A62B0-82ED-44F5-8EF0-AB00CA3EFBFA}
	EndGlobalSection
EndGlobal
